{
  "name": "word-filter",
  "version": "1.0.0",
  "lockfileVersion": 1,
  "requires": true,
  "dependencies": {
    "metaphone": {
      "version": "2.0.0",
      "resolved": "https://registry.npmjs.org/metaphone/-/metaphone-2.0.0.tgz",
      "integrity": "sha512-68OrTWKYzLoyopNbaNZN7pYCyXB8lYozWjW8NYVbFJAQF/XNMR+2iTvEa8SqLcMnudcaOKY9+HtUb0lquecHfg=="
    },
    "stemmer": {
      "version": "2.0.0",
      "resolved": "https://registry.npmjs.org/stemmer/-/stemmer-2.0.0.tgz",
      "integrity": "sha512-0YS2oMdTZ/wAWUHMMpf7AAJ8Gm6dHXyHddJ0zCu2DIfOfIbdwqAm1bbk4+Vti6gxNIcOrnm5jAP7vYTzQDvc5A=="
    },
    "string-comparison": {
      "version": "1.0.9",
      "resolved": "https://registry.npmjs.org/string-comparison/-/string-comparison-1.0.9.tgz",
      "integrity": "sha512-phzXndkWdEmrFPR2o92MJeuw/fC0vSelpzCEE7mvc4z8Br1J65ZWKqOUNgUzGkq+9aAmOypePJwPGELgn9iUhA=="
    }
  }
}
